
Microsoft Visual Studio Solution File, Format Version 12.00
# Visual Studio Version 17
VisualStudioVersion = 17.6.33815.320
MinimumVisualStudioVersion = 10.0.40219.1
Project("{FAE04EC0-301F-11D3-BF4B-00C04F79EFBC}") = "MunicipalityOfRochester", "MunicipalityOfRochester.csproj", "{6EF6F038-6CD2-45EC-83AD-C6C4AF04ED9D}"
EndProject
Project("{FAE04EC0-301F-11D3-BF4B-00C04F79EFBC}") = "Municipality.Data", "..\Municipality.Data\Municipality.Data.csproj", "{2B03F4F6-2A30-460A-957E-1D642D7478C1}"
EndProject
Project("{FAE04EC0-301F-11D3-BF4B-00C04F79EFBC}") = "Municipality.Model", "..\Municipality.Model\Municipality.Model.csproj", "{B329BA25-B9E5-48BF-B31B-8FAE0A90BE47}"
EndProject
Global
	GlobalSection(SolutionConfigurationPlatforms) = preSolution
		Debug|Any CPU = Debug|Any CPU
		Release|Any CPU = Release|Any CPU
	EndGlobalSection
	GlobalSection(ProjectConfigurationPlatforms) = postSolution
		{6EF6F038-6CD2-45EC-83AD-C6C4AF04ED9D}.Debug|Any CPU.ActiveCfg = Debug|Any CPU
		{6EF6F038-6CD2-45EC-83AD-C6C4AF04ED9D}.Debug|Any CPU.Build.0 = Debug|Any CPU
		{6EF6F038-6CD2-45EC-83AD-C6C4AF04ED9D}.Release|Any CPU.ActiveCfg = Release|Any CPU
		{6EF6F038-6CD2-45EC-83AD-C6C4AF04ED9D}.Release|Any CPU.Build.0 = Release|Any CPU
		{2B03F4F6-2A30-460A-957E-1D642D7478C1}.Debug|Any CPU.ActiveCfg = Debug|Any CPU
		{2B03F4F6-2A30-460A-957E-1D642D7478C1}.Debug|Any CPU.Build.0 = Debug|Any CPU
		{2B03F4F6-2A30-460A-957E-1D642D7478C1}.Release|Any CPU.ActiveCfg = Release|Any CPU
		{2B03F4F6-2A30-460A-957E-1D642D7478C1}.Release|Any CPU.Build.0 = Release|Any CPU
		{B329BA25-B9E5-48BF-B31B-8FAE0A90BE47}.Debug|Any CPU.ActiveCfg = Debug|Any CPU
		{B329BA25-B9E5-48BF-B31B-8FAE0A90BE47}.Debug|Any CPU.Build.0 = Debug|Any CPU
		{B329BA25-B9E5-48BF-B31B-8FAE0A90BE47}.Release|Any CPU.ActiveCfg = Release|Any CPU
		{B329BA25-B9E5-48BF-B31B-8FAE0A90BE47}.Release|Any CPU.Build.0 = Release|Any CPU
	EndGlobalSection
	GlobalSection(SolutionProperties) = preSolution
		HideSolutionNode = FALSE
	EndGlobalSection
	GlobalSection(ExtensibilityGlobals) = postSolution
		SolutionGuid = {934676EC-E718-47F8-8EAF-301FDB441868}
	EndGlobalSection
EndGlobal
